// !$*UTF8*$!
{
	archiveVersion = 1;
	classes = {
	};
	objectVersion = 46;
	objects = {

/* Begin PBXBuildFile section */
		79FF96F61CFEE27500DF7B9D /* AppDelegate.swift in Sources */ = {isa = PBXBuildFile; fileRef = 79FF96F51CFEE27500DF7B9D /* AppDelegate.swift */; };
		79FF96F81CFEE27500DF7B9D /* ViewController.swift in Sources */ = {isa = PBXBuildFile; fileRef = 79FF96F71CFEE27500DF7B9D /* ViewController.swift */; };
		79FF96FB1CFEE27500DF7B9D /* Main.storyboard in Resources */ = {isa = PBXBuildFile; fileRef = 79FF96F91CFEE27500DF7B9D /* Main.storyboard */; };
		79FF96FD1CFEE27500DF7B9D /* Assets.xcassets in Resources */ = {isa = PBXBuildFile; fileRef = 79FF96FC1CFEE27500DF7B9D /* Assets.xcassets */; };
		79FF97001CFEE27500DF7B9D /* LaunchScreen.storyboard in Resources */ = {isa = PBXBuildFile; fileRef = 79FF96FE1CFEE27500DF7B9D /* LaunchScreen.storyboard */; };
		79FF970A1D0059A200DF7B9D /* ViewControllerExtension.swift in Sources */ = {isa = PBXBuildFile; fileRef = 79FF97091D0059A200DF7B9D /* ViewControllerExtension.swift */; };
		79FF970C1D005F3400DF7B9D /* GalleryViewController.swift in Sources */ = {isa = PBXBuildFile; fileRef = 79FF970B1D005F3400DF7B9D /* GalleryViewController.swift */; };
/* End PBXBuildFile section */

/* Begin PBXFileReference section */
		79FF96F21CFEE27500DF7B9D /* BeautyGallery.app */ = {isa = PBXFileReference; explicitFileType = wrapper.application; includeInIndex = 0; path = BeautyGallery.app; sourceTree = BUILT_PRODUCTS_DIR; };
		79FF96F51CFEE27500DF7B9D /* AppDelegate.swift */ = {isa = PBXFileReference; lastKnownFileType = sourcecode.swift; path = AppDelegate.swift; sourceTree = "<group>"; };
		79FF96F71CFEE27500DF7B9D /* ViewController.swift */ = {isa = PBXFileReference; lastKnownFileType = sourcecode.swift; path = ViewController.swift; sourceTree = "<group>"; };
		79FF96FA1CFEE27500DF7B9D /* Base */ = {isa = PBXFileReference; lastKnownFileType = file.storyboard; name = Base; path = Base.lproj/Main.storyboard; sourceTree = "<group>"; };
		79FF96FC1CFEE27500DF7B9D /* Assets.xcassets */ = {isa = PBXFileReference; lastKnownFileType = folder.assetcatalog; path = Assets.xcassets; sourceTree = "<group>"; };
		79FF96FF1CFEE27500DF7B9D /* Base */ = {isa = PBXFileReference; lastKnownFileType = file.storyboard; name = Base; path = Base.lproj/LaunchScreen.storyboard; sourceTree = "<group>"; };
		79FF97011CFEE27500DF7B9D /* Info.plist */ = {isa = PBXFileReference; lastKnownFileType = text.plist.xml; path = Info.plist; sourceTree = "<group>"; };
		79FF97091D0059A200DF7B9D /* ViewControllerExtension.swift */ = {isa = PBXFileReference; fileEncoding = 4; lastKnownFileType = sourcecode.swift; name = ViewControllerExtension.swift; path = ../ViewControllerExtension.swift; sourceTree = "<group>"; };
		79FF970B1D005F3400DF7B9D /* GalleryViewController.swift */ = {isa = PBXFileReference; fileEncoding = 4; lastKnownFileType = sourcecode.swift; path = GalleryViewController.swift; sourceTree = "<group>"; };
/* End PBXFileReference section */

/* Begin PBXFrameworksBuildPhase section */
		79FF96EF1CFEE27500DF7B9D /* Frameworks */ = {
			isa = PBXFrameworksBuildPhase;
			buildActionMask = 2147483647;
			files = (
			);
			runOnlyForDeploymentPostprocessing = 0;
		};
/* End PBXFrameworksBuildPhase section */

/* Begin PBXGroup section */
		79FF96E91CFEE27500DF7B9D = {
			isa = PBXGroup;
			children = (
				79FF96F41CFEE27500DF7B9D /* BeautyGallery */,
				79FF96F31CFEE27500DF7B9D /* Products */,
			);
			sourceTree = "<group>";
		};
		79FF96F31CFEE27500DF7B9D /* Products */ = {
			isa = PBXGroup;
			children = (
				79FF96F21CFEE27500DF7B9D /* BeautyGallery.app */,
			);
			name = Products;
			sourceTree = "<group>";
		};
		79FF96F41CFEE27500DF7B9D /* BeautyGallery */ = {
			isa = PBXGroup;
			children = (
				79FF96F51CFEE27500DF7B9D /* AppDelegate.swift */,
				79FF96F71CFEE27500DF7B9D /* ViewController.swift */,
				79FF97091D0059A200DF7B9D /* ViewControllerExtension.swift */,
				79FF970B1D005F3400DF7B9D /* GalleryViewController.swift */,
				79FF96F91CFEE27500DF7B9D /* Main.storyboard */,
				79FF96FC1CFEE27500DF7B9D /* Assets.xcassets */,
				79FF96FE1CFEE27500DF7B9D /* LaunchScreen.storyboard */,
				79FF97011CFEE27500DF7B9D /* Info.plist */,
			);
			path = BeautyGallery;
			sourceTree = "<group>";
		};
/* End PBXGroup section */

/* Begin PBXNativeTarget section */
		79FF96F11CFEE27500DF7B9D /* BeautyGallery */ = {
			isa = PBXNativeTarget;
			buildConfigurationList = 79FF97041CFEE27500DF7B9D /* Build configuration list for PBXNativeTarget "BeautyGallery" */;
			buildPhases = (
				79FF96EE1CFEE27500DF7B9D /* Sources */,
				79FF96EF1CFEE27500DF7B9D /* Frameworks */,
				79FF96F01CFEE27500DF7B9D /* Resources */,
			);
			buildRules = (
			);
			dependencies = (
			);
			name = BeautyGallery;
			productName = BeautyGallery;
			productReference = 79FF96F21CFEE27500DF7B9D /* BeautyGallery.app */;
			productType = "com.apple.product-type.application";
		};
/* End PBXNativeTarget section */

/* Begin PBXProject section */
		79FF96EA1CFEE27500DF7B9D /* Project object */ = {
			isa = PBXProject;
			attributes = {
				LastSwiftUpdateCheck = 0730;
				LastUpgradeCheck = 0730;
				ORGANIZATIONNAME = xphwv;
				TargetAttributes = {
					79FF96F11CFEE27500DF7B9D = {
						CreatedOnToolsVersion = 7.3.1;
						DevelopmentTeam = FRZGH4W236;
					};
				};
			};
			buildConfigurationList = 79FF96ED1CFEE27500DF7B9D /* Build configuration list for PBXProject "BeautyGallery" */;
			compatibilityVersion = "Xcode 3.2";
			developmentRegion = English;
			hasScannedForEncodings = 0;
			knownRegions = (
				en,
				Base,
			);
			mainGroup = 79FF96E91CFEE27500DF7B9D;
			productRefGroup = 79FF96F31CFEE27500DF7B9D /* Products */;
			projectDirPath = "";
			projectRoot = "";
			targets = (
				79FF96F11CFEE27500DF7B9D /* BeautyGallery */,
			);
		};
/* End PBXProject section */

/* Begin PBXResourcesBuildPhase section */
		79FF96F01CFEE27500DF7B9D /* Resources */ = {
			isa = PBXResourcesBuildPhase;
			buildActionMask = 2147483647;
			files = (
				79FF97001CFEE27500DF7B9D /* LaunchScreen.storyboard in Resources */,
				79FF96FD1CFEE27500DF7B9D /* Assets.xcassets in Resources */,
				79FF96FB1CFEE27500DF7B9D /* Main.storyboard in Resources */,
			);
			runOnlyForDeploymentPostprocessing = 0;
		};
/* End PBXResourcesBuildPhase section */

/* Begin PBXSourcesBuildPhase section */
		79FF96EE1CFEE27500DF7B9D /* Sources */ = {
			isa = PBXSourcesBuildPhase;
			buildActionMask = 2147483647;
			files = (
				79FF96F81CFEE27500DF7B9D /* ViewController.swift in Sources */,
				79FF970C1D005F3400DF7B9D /* GalleryViewController.swift in Sources */,
				79FF96F61CFEE27500DF7B9D /* AppDelegate.swift in Sources */,
				79FF970A1D0059A200DF7B9D /* ViewControllerExtension.swift in Sources */,
			);
			runOnlyForDeploymentPostprocessing = 0;
		};
/* End PBXSourcesBuildPhase section */

/* Begin PBXVariantGroup section */
		79FF96F91CFEE27500DF7B9D /* Main.storyboard */ = {
			isa = PBXVariantGroup;
			children = (
				79FF96FA1CFEE27500DF7B9D /* Base */,
			);
			name = Main.storyboard;
			sourceTree = "<group>";
		};
		79FF96FE1CFEE27500DF7B9D /* LaunchScreen.storyboard */ = {
			isa = PBXVariantGroup;
			children = (
				79FF96FF1CFEE27500DF7B9D /* Base */,
			);
			name = LaunchScreen.storyboard;
			sourceTree = "<group>";
		};
/* End PBXVariantGroup section */

/* Begin XCBuildConfiguration section */
		79FF97021CFEE27500DF7B9D /* Debug */ = {
			isa = XCBuildConfiguration;
			buildSettings = {
				ALWAYS_SEARCH_USER_PATHS = NO;
				CLANG_ANALYZER_NONNULL = YES;
				CLANG_CXX_LANGUAGE_STANDARD = "gnu++0x";
				CLANG_CXX_LIBRARY = "libc++";
				CLANG_ENABLE_MODULES = YES;
				CLANG_ENABLE_OBJC_ARC = YES;
				CLANG_WARN_BOOL_CONVERSION = YES;
				CLANG_WARN_CONSTANT_CONVERSION = YES;
				CLANG_WARN_DIRECT_OBJC_ISA_USAGE = YES_ERROR;
				CLANG_WARN_EMPTY_BODY = YES;
				CLANG_WARN_ENUM_CONVERSION = YES;
				CLANG_WARN_INT_CONVERSION = YES;
				CLANG_WARN_OBJC_ROOT_CLASS = YES_ERROR;
				CLANG_WARN_UNREACHABLE_CODE = YES;
				CLANG_WARN__DUPLICATE_METHOD_MATCH = YES;
				"CODE_SIGN_IDENTITY[sdk=iphoneos*]" = "iPhone Developer";
				COPY_PHASE_STRIP = NO;
				DEBUG_INFORMATION_FORMAT = dwarf;
				ENABLE_STRICT_OBJC_MSGSEND = YES;
				ENABLE_TESTABILITY = YES;
				GCC_C_LANGUAGE_STANDARD = gnu99;
				GCC_DYNAMIC_NO_PIC = NO;
				GCC_NO_COMMON_BLOCKS = YES;
				GCC_OPTIMIZATION_LEVEL = 0;
				GCC_PREPROCESSOR_DEFINITIONS = (
					"DEBUG=1",
					"$(inherited)",
				);
				GCC_WARN_64_TO_32_BIT_CONVERSION = YES;
				GCC_WARN_ABOUT_RETURN_TYPE = YES_ERROR;
				GCC_WARN_UNDECLARED_SELECTOR = YES;
				GCC_WARN_UNINITIALIZED_AUTOS = YES_AGGRESSIVE;
				GCC_WARN_UNUSED_FUNCTION = YES;
				GCC_WARN_UNUSED_VARIABLE = YES;
				IPHONEOS_DEPLOYMENT_TARGET = 9.3;
				MTL_ENABLE_DEBUG_INFO = YES;
				ONLY_ACTIVE_ARCH = YES;
				SDKROOT = iphoneos;
				SWIFT_OPTIMIZATION_LEVEL = "-Onone";
			};
			name = Debug;
		};
		79FF97031CFEE27500DF7B9D /* Release */ = {
			isa = XCBuildConfiguration;
			buildSettings = {
				ALWAYS_SEARCH_USER_PATHS = NO;
				CLANG_ANALYZER_NONNULL = YES;
				CLANG_CXX_LANGUAGE_STANDARD = "gnu++0x";
				CLANG_CXX_LIBRARY = "libc++";
				CLANG_ENABLE_MODULES = YES;
				CLANG_ENABLE_OBJC_ARC = YES;
				CLANG_WARN_BOOL_CONVERSION = YES;
				CLANG_WARN_CONSTANT_CONVERSION = YES;
				CLANG_WARN_DIRECT_OBJC_ISA_USAGE = YES_ERROR;
				CLANG_WARN_EMPTY_BODY = YES;
				CLANG_WARN_ENUM_CONVERSION = YES;
				CLANG_WARN_INT_CONVERSION = YES;
				CLANG_WARN_OBJC_ROOT_CLASS = YES_ERROR;
				CLANG_WARN_UNREACHABLE_CODE = YES;
				CLANG_WARN__DUPLICATE_METHOD_MATCH = YES;
				"CODE_SIGN_IDENTITY[sdk=iphoneos*]" = "iPhone Developer";
				COPY_PHASE_STRIP = NO;
				DEBUG_INFORMATION_FORMAT = "dwarf-with-dsym";
				ENABLE_NS_ASSERTIONS = NO;
				ENABLE_STRICT_OBJC_MSGSEND = YES;
				GCC_C_LANGUAGE_STANDARD = gnu99;
				GCC_NO_COMMON_BLOCKS = YES;
				GCC_WARN_64_TO_32_BIT_CONVERSION = YES;
				GCC_WARN_ABOUT_RETURN_TYPE = YES_ERROR;
				GCC_WARN_UNDECLARED_SELECTOR = YES;
				GCC_WARN_UNINITIALIZED_AUTOS = YES_AGGRESSIVE;
				GCC_WARN_UNUSED_FUNCTION = YES;
				GCC_WARN_UNUSED_VARIABLE = YES;
				IPHONEOS_DEPLOYMENT_TARGET = 9.3;
				MTL_ENABLE_DEBUG_INFO = NO;
				SDKROOT = iphoneos;
				VALIDATE_PRODUCT = YES;
			};
			name = Release;
		};
		79FF97051CFEE27500DF7B9D /* Debug */ = {
			isa = XCBuildConfiguration;
			buildSettings = {
				ASSETCATALOG_COMPILER_APPICON_NAME = AppIcon;
				CODE_SIGN_IDENTITY = "iPhone Developer";
				"CODE_SIGN_IDENTITY[sdk=iphoneos*]" = "iPhone Developer";
				INFOPLIST_FILE = BeautyGallery/Info.plist;
				LD_RUNPATH_SEARCH_PATHS = "$(inherited) @executable_path/Frameworks";
				PRODUCT_BUNDLE_IDENTIFIER = com.xphwv.BeautyGallery;
				PRODUCT_NAME = "$(TARGET_NAME)";
				PROVISIONING_PROFILE = "";
			};
			name = Debug;
		};
		79FF97061CFEE27500DF7B9D /* Release */ = {
			isa = XCBuildConfiguration;
			buildSettings = {
				ASSETCATALOG_COMPILER_APPICON_NAME = AppIcon;
				CODE_SIGN_IDENTITY = "iPhone Developer";
				"CODE_SIGN_IDENTITY[sdk=iphoneos*]" = "iPhone Developer";
				INFOPLIST_FILE = BeautyGallery/Info.plist;
				LD_RUNPATH_SEARCH_PATHS = "$(inherited) @executable_path/Frameworks";
				PRODUCT_BUNDLE_IDENTIFIER = com.xphwv.BeautyGallery;
				PRODUCT_NAME = "$(TARGET_NAME)";
				PROVISIONING_PROFILE = "";
			};
			name = Release;
		};
/* End XCBuildConfiguration section */

/* Begin XCConfigurationList section */
		79FF96ED1CFEE27500DF7B9D /* Build configuration list for PBXProject "BeautyGallery" */ = {
			isa = XCConfigurationList;
			buildConfigurations = (
				79FF97021CFEE27500DF7B9D /* Debug */,
				79FF97031CFEE27500DF7B9D /* Release */,
			);
			defaultConfigurationIsVisible = 0;
			defaultConfigurationName = Release;
		};
		79FF97041CFEE27500DF7B9D /* Build configuration list for PBXNativeTarget "BeautyGallery" */ = {
			isa = XCConfigurationList;
			buildConfigurations = (
				79FF97051CFEE27500DF7B9D /* Debug */,
				79FF97061CFEE27500DF7B9D /* Release */,
			);
			defaultConfigurationIsVisible = 0;
			defaultConfigurationName = Release;
		};
/* End XCConfigurationList section */
	};
	rootObject = 79FF96EA1CFEE27500DF7B9D /* Project object */;
}
